
Microsoft Visual Studio Solution File, Format Version 12.00
# Visual Studio 15
VisualStudioVersion = 15.0.27004.2010
MinimumVisualStudioVersion = 10.0.40219.1
Project("{9A19103F-16F7-4668-BE54-9A1E7A4F7556}") = "ShoppingListApi", "ShoppingListApi\ShoppingListApi.csproj", "{B035C44C-5E69-4DEA-90B9-0C40F06C4DED}"
EndProject
Project("{FAE04EC0-301F-11D3-BF4B-00C04F79EFBC}") = "ConsoleClient", "ConsoleClient\ConsoleClient.csproj", "{A0F8F6B2-2958-4CFC-B4DC-8D903FA802D0}"
EndProject
Global
	GlobalSection(SolutionConfigurationPlatforms) = preSolution
		Debug|Any CPU = Debug|Any CPU
		Release|Any CPU = Release|Any CPU
	EndGlobalSection
	GlobalSection(ProjectConfigurationPlatforms) = postSolution
		{B035C44C-5E69-4DEA-90B9-0C40F06C4DED}.Debug|Any CPU.ActiveCfg = Debug|Any CPU
		{B035C44C-5E69-4DEA-90B9-0C40F06C4DED}.Debug|Any CPU.Build.0 = Debug|Any CPU
		{B035C44C-5E69-4DEA-90B9-0C40F06C4DED}.Release|Any CPU.ActiveCfg = Release|Any CPU
		{B035C44C-5E69-4DEA-90B9-0C40F06C4DED}.Release|Any CPU.Build.0 = Release|Any CPU
		{A0F8F6B2-2958-4CFC-B4DC-8D903FA802D0}.Debug|Any CPU.ActiveCfg = Debug|Any CPU
		{A0F8F6B2-2958-4CFC-B4DC-8D903FA802D0}.Debug|Any CPU.Build.0 = Debug|Any CPU
		{A0F8F6B2-2958-4CFC-B4DC-8D903FA802D0}.Release|Any CPU.ActiveCfg = Release|Any CPU
		{A0F8F6B2-2958-4CFC-B4DC-8D903FA802D0}.Release|Any CPU.Build.0 = Release|Any CPU
	EndGlobalSection
	GlobalSection(SolutionProperties) = preSolution
		HideSolutionNode = FALSE
	EndGlobalSection
	GlobalSection(ExtensibilityGlobals) = postSolution
		SolutionGuid = {BD624947-15E8-42E5-ACFC-D82BE330AB4D}
	EndGlobalSection
EndGlobal
