
Microsoft Visual Studio Solution File, Format Version 12.00
# Visual Studio 15
VisualStudioVersion = 15.0.27004.2009
MinimumVisualStudioVersion = 10.0.40219.1
Project("{FAE04EC0-301F-11D3-BF4B-00C04F79EFBC}") = "ShoppingList.Android", "ShoppingList\ShoppingList.Android\ShoppingList.Android.csproj", "{FBDBA394-12FE-4AB5-9E66-959A76D0AFBC}"
EndProject
Project("{FAE04EC0-301F-11D3-BF4B-00C04F79EFBC}") = "ShoppingList", "ShoppingList\ShoppingList\ShoppingList.csproj", "{28DA3AA7-840B-484E-8B94-266B3D544214}"
EndProject
Project("{FAE04EC0-301F-11D3-BF4B-00C04F79EFBC}") = "ShoppingList.UWP", "ShoppingList\ShoppingList.UWP\ShoppingList.UWP.csproj", "{D7C94840-B335-4950-81AA-B0359E05A204}"
EndProject
Project("{FAE04EC0-301F-11D3-BF4B-00C04F79EFBC}") = "ShoppingList.iOS", "ShoppingList\ShoppingList.iOS\ShoppingList.iOS.csproj", "{22B407CF-CBA8-46CC-8F75-4D5CBC817A30}"
EndProject
Global
	GlobalSection(SolutionConfigurationPlatforms) = preSolution
		Ad-Hoc|Any CPU = Ad-Hoc|Any CPU
		Ad-Hoc|ARM = Ad-Hoc|ARM
		Ad-Hoc|iPhone = Ad-Hoc|iPhone
		Ad-Hoc|iPhoneSimulator = Ad-Hoc|iPhoneSimulator
		Ad-Hoc|x64 = Ad-Hoc|x64
		Ad-Hoc|x86 = Ad-Hoc|x86
		AppStore|Any CPU = AppStore|Any CPU
		AppStore|ARM = AppStore|ARM
		AppStore|iPhone = AppStore|iPhone
		AppStore|iPhoneSimulator = AppStore|iPhoneSimulator
		AppStore|x64 = AppStore|x64
		AppStore|x86 = AppStore|x86
		Debug|Any CPU = Debug|Any CPU
		Debug|ARM = Debug|ARM
		Debug|iPhone = Debug|iPhone
		Debug|iPhoneSimulator = Debug|iPhoneSimulator
		Debug|x64 = Debug|x64
		Debug|x86 = Debug|x86
		Release|Any CPU = Release|Any CPU
		Release|ARM = Release|ARM
		Release|iPhone = Release|iPhone
		Release|iPhoneSimulator = Release|iPhoneSimulator
		Release|x64 = Release|x64
		Release|x86 = Release|x86
	EndGlobalSection
	GlobalSection(ProjectConfigurationPlatforms) = postSolution
		{FBDBA394-12FE-4AB5-9E66-959A76D0AFBC}.Ad-Hoc|Any CPU.ActiveCfg = Release|Any CPU
		{FBDBA394-12FE-4AB5-9E66-959A76D0AFBC}.Ad-Hoc|Any CPU.Build.0 = Release|Any CPU
		{FBDBA394-12FE-4AB5-9E66-959A76D0AFBC}.Ad-Hoc|Any CPU.Deploy.0 = Release|Any CPU
		{FBDBA394-12FE-4AB5-9E66-959A76D0AFBC}.Ad-Hoc|ARM.ActiveCfg = Release|Any CPU
		{FBDBA394-12FE-4AB5-9E66-959A76D0AFBC}.Ad-Hoc|ARM.Build.0 = Release|Any CPU
		{FBDBA394-12FE-4AB5-9E66-959A76D0AFBC}.Ad-Hoc|ARM.Deploy.0 = Release|Any CPU
		{FBDBA394-12FE-4AB5-9E66-959A76D0AFBC}.Ad-Hoc|iPhone.ActiveCfg = Release|Any CPU
		{FBDBA394-12FE-4AB5-9E66-959A76D0AFBC}.Ad-Hoc|iPhone.Build.0 = Release|Any CPU
		{FBDBA394-12FE-4AB5-9E66-959A76D0AFBC}.Ad-Hoc|iPhone.Deploy.0 = Release|Any CPU
		{FBDBA394-12FE-4AB5-9E66-959A76D0AFBC}.Ad-Hoc|iPhoneSimulator.ActiveCfg = Release|Any CPU
		{FBDBA394-12FE-4AB5-9E66-959A76D0AFBC}.Ad-Hoc|iPhoneSimulator.Build.0 = Release|Any CPU
		{FBDBA394-12FE-4AB5-9E66-959A76D0AFBC}.Ad-Hoc|iPhoneSimulator.Deploy.0 = Release|Any CPU
		{FBDBA394-12FE-4AB5-9E66-959A76D0AFBC}.Ad-Hoc|x64.ActiveCfg = Release|Any CPU
		{FBDBA394-12FE-4AB5-9E66-959A76D0AFBC}.Ad-Hoc|x64.Build.0 = Release|Any CPU
		{FBDBA394-12FE-4AB5-9E66-959A76D0AFBC}.Ad-Hoc|x64.Deploy.0 = Release|Any CPU
		{FBDBA394-12FE-4AB5-9E66-959A76D0AFBC}.Ad-Hoc|x86.ActiveCfg = Release|Any CPU
		{FBDBA394-12FE-4AB5-9E66-959A76D0AFBC}.Ad-Hoc|x86.Build.0 = Release|Any CPU
		{FBDBA394-12FE-4AB5-9E66-959A76D0AFBC}.Ad-Hoc|x86.Deploy.0 = Release|Any CPU
		{FBDBA394-12FE-4AB5-9E66-959A76D0AFBC}.AppStore|Any CPU.ActiveCfg = Release|Any CPU
		{FBDBA394-12FE-4AB5-9E66-959A76D0AFBC}.AppStore|Any CPU.Build.0 = Release|Any CPU
		{FBDBA394-12FE-4AB5-9E66-959A76D0AFBC}.AppStore|Any CPU.Deploy.0 = Release|Any CPU
		{FBDBA394-12FE-4AB5-9E66-959A76D0AFBC}.AppStore|ARM.ActiveCfg = Release|Any CPU
		{FBDBA394-12FE-4AB5-9E66-959A76D0AFBC}.AppStore|ARM.Build.0 = Release|Any CPU
		{FBDBA394-12FE-4AB5-9E66-959A76D0AFBC}.AppStore|ARM.Deploy.0 = Release|Any CPU
		{FBDBA394-12FE-4AB5-9E66-959A76D0AFBC}.AppStore|iPhone.ActiveCfg = Release|Any CPU
		{FBDBA394-12FE-4AB5-9E66-959A76D0AFBC}.AppStore|iPhone.Build.0 = Release|Any CPU
		{FBDBA394-12FE-4AB5-9E66-959A76D0AFBC}.AppStore|iPhone.Deploy.0 = Release|Any CPU
		{FBDBA394-12FE-4AB5-9E66-959A76D0AFBC}.AppStore|iPhoneSimulator.ActiveCfg = Release|Any CPU
		{FBDBA394-12FE-4AB5-9E66-959A76D0AFBC}.AppStore|iPhoneSimulator.Build.0 = Release|Any CPU
		{FBDBA394-12FE-4AB5-9E66-959A76D0AFBC}.AppStore|iPhoneSimulator.Deploy.0 = Release|Any CPU
		{FBDBA394-12FE-4AB5-9E66-959A76D0AFBC}.AppStore|x64.ActiveCfg = Release|Any CPU
		{FBDBA394-12FE-4AB5-9E66-959A76D0AFBC}.AppStore|x64.Build.0 = Release|Any CPU
		{FBDBA394-12FE-4AB5-9E66-959A76D0AFBC}.AppStore|x64.Deploy.0 = Release|Any CPU
		{FBDBA394-12FE-4AB5-9E66-959A76D0AFBC}.AppStore|x86.ActiveCfg = Release|Any CPU
		{FBDBA394-12FE-4AB5-9E66-959A76D0AFBC}.AppStore|x86.Build.0 = Release|Any CPU
		{FBDBA394-12FE-4AB5-9E66-959A76D0AFBC}.AppStore|x86.Deploy.0 = Release|Any CPU
		{FBDBA394-12FE-4AB5-9E66-959A76D0AFBC}.Debug|Any CPU.ActiveCfg = Debug|Any CPU
		{FBDBA394-12FE-4AB5-9E66-959A76D0AFBC}.Debug|Any CPU.Build.0 = Debug|Any CPU
		{FBDBA394-12FE-4AB5-9E66-959A76D0AFBC}.Debug|Any CPU.Deploy.0 = Debug|Any CPU
		{FBDBA394-12FE-4AB5-9E66-959A76D0AFBC}.Debug|ARM.ActiveCfg = Debug|Any CPU
		{FBDBA394-12FE-4AB5-9E66-959A76D0AFBC}.Debug|ARM.Build.0 = Debug|Any CPU
		{FBDBA394-12FE-4AB5-9E66-959A76D0AFBC}.Debug|ARM.Deploy.0 = Debug|Any CPU
		{FBDBA394-12FE-4AB5-9E66-959A76D0AFBC}.Debug|iPhone.ActiveCfg = Debug|Any CPU
		{FBDBA394-12FE-4AB5-9E66-959A76D0AFBC}.Debug|iPhone.Build.0 = Debug|Any CPU
		{FBDBA394-12FE-4AB5-9E66-959A76D0AFBC}.Debug|iPhone.Deploy.0 = Debug|Any CPU
		{FBDBA394-12FE-4AB5-9E66-959A76D0AFBC}.Debug|iPhoneSimulator.ActiveCfg = Debug|Any CPU
		{FBDBA394-12FE-4AB5-9E66-959A76D0AFBC}.Debug|iPhoneSimulator.Build.0 = Debug|Any CPU
		{FBDBA394-12FE-4AB5-9E66-959A76D0AFBC}.Debug|iPhoneSimulator.Deploy.0 = Debug|Any CPU
		{FBDBA394-12FE-4AB5-9E66-959A76D0AFBC}.Debug|x64.ActiveCfg = Debug|Any CPU
		{FBDBA394-12FE-4AB5-9E66-959A76D0AFBC}.Debug|x64.Build.0 = Debug|Any CPU
		{FBDBA394-12FE-4AB5-9E66-959A76D0AFBC}.Debug|x64.Deploy.0 = Debug|Any CPU
		{FBDBA394-12FE-4AB5-9E66-959A76D0AFBC}.Debug|x86.ActiveCfg = Debug|Any CPU
		{FBDBA394-12FE-4AB5-9E66-959A76D0AFBC}.Debug|x86.Build.0 = Debug|Any CPU
		{FBDBA394-12FE-4AB5-9E66-959A76D0AFBC}.Debug|x86.Deploy.0 = Debug|Any CPU
		{FBDBA394-12FE-4AB5-9E66-959A76D0AFBC}.Release|Any CPU.ActiveCfg = Release|Any CPU
		{FBDBA394-12FE-4AB5-9E66-959A76D0AFBC}.Release|Any CPU.Build.0 = Release|Any CPU
		{FBDBA394-12FE-4AB5-9E66-959A76D0AFBC}.Release|Any CPU.Deploy.0 = Release|Any CPU
		{FBDBA394-12FE-4AB5-9E66-959A76D0AFBC}.Release|ARM.ActiveCfg = Release|Any CPU
		{FBDBA394-12FE-4AB5-9E66-959A76D0AFBC}.Release|ARM.Build.0 = Release|Any CPU
		{FBDBA394-12FE-4AB5-9E66-959A76D0AFBC}.Release|ARM.Deploy.0 = Release|Any CPU
		{FBDBA394-12FE-4AB5-9E66-959A76D0AFBC}.Release|iPhone.ActiveCfg = Release|Any CPU
		{FBDBA394-12FE-4AB5-9E66-959A76D0AFBC}.Release|iPhone.Build.0 = Release|Any CPU
		{FBDBA394-12FE-4AB5-9E66-959A76D0AFBC}.Release|iPhone.Deploy.0 = Release|Any CPU
		{FBDBA394-12FE-4AB5-9E66-959A76D0AFBC}.Release|iPhoneSimulator.ActiveCfg = Release|Any CPU
		{FBDBA394-12FE-4AB5-9E66-959A76D0AFBC}.Release|iPhoneSimulator.Build.0 = Release|Any CPU
		{FBDBA394-12FE-4AB5-9E66-959A76D0AFBC}.Release|iPhoneSimulator.Deploy.0 = Release|Any CPU
		{FBDBA394-12FE-4AB5-9E66-959A76D0AFBC}.Release|x64.ActiveCfg = Release|Any CPU
		{FBDBA394-12FE-4AB5-9E66-959A76D0AFBC}.Release|x64.Build.0 = Release|Any CPU
		{FBDBA394-12FE-4AB5-9E66-959A76D0AFBC}.Release|x64.Deploy.0 = Release|Any CPU
		{FBDBA394-12FE-4AB5-9E66-959A76D0AFBC}.Release|x86.ActiveCfg = Release|Any CPU
		{FBDBA394-12FE-4AB5-9E66-959A76D0AFBC}.Release|x86.Build.0 = Release|Any CPU
		{FBDBA394-12FE-4AB5-9E66-959A76D0AFBC}.Release|x86.Deploy.0 = Release|Any CPU
		{28DA3AA7-840B-484E-8B94-266B3D544214}.Ad-Hoc|Any CPU.ActiveCfg = Release|Any CPU
		{28DA3AA7-840B-484E-8B94-266B3D544214}.Ad-Hoc|Any CPU.Build.0 = Release|Any CPU
		{28DA3AA7-840B-484E-8B94-266B3D544214}.Ad-Hoc|ARM.ActiveCfg = Release|Any CPU
		{28DA3AA7-840B-484E-8B94-266B3D544214}.Ad-Hoc|ARM.Build.0 = Release|Any CPU
		{28DA3AA7-840B-484E-8B94-266B3D544214}.Ad-Hoc|iPhone.ActiveCfg = Release|Any CPU
		{28DA3AA7-840B-484E-8B94-266B3D544214}.Ad-Hoc|iPhone.Build.0 = Release|Any CPU
		{28DA3AA7-840B-484E-8B94-266B3D544214}.Ad-Hoc|iPhoneSimulator.ActiveCfg = Release|Any CPU
		{28DA3AA7-840B-484E-8B94-266B3D544214}.Ad-Hoc|iPhoneSimulator.Build.0 = Release|Any CPU
		{28DA3AA7-840B-484E-8B94-266B3D544214}.Ad-Hoc|x64.ActiveCfg = Release|Any CPU
		{28DA3AA7-840B-484E-8B94-266B3D544214}.Ad-Hoc|x64.Build.0 = Release|Any CPU
		{28DA3AA7-840B-484E-8B94-266B3D544214}.Ad-Hoc|x86.ActiveCfg = Release|Any CPU
		{28DA3AA7-840B-484E-8B94-266B3D544214}.Ad-Hoc|x86.Build.0 = Release|Any CPU
		{28DA3AA7-840B-484E-8B94-266B3D544214}.AppStore|Any CPU.ActiveCfg = Release|Any CPU
		{28DA3AA7-840B-484E-8B94-266B3D544214}.AppStore|Any CPU.Build.0 = Release|Any CPU
		{28DA3AA7-840B-484E-8B94-266B3D544214}.AppStore|ARM.ActiveCfg = Release|Any CPU
		{28DA3AA7-840B-484E-8B94-266B3D544214}.AppStore|ARM.Build.0 = Release|Any CPU
		{28DA3AA7-840B-484E-8B94-266B3D544214}.AppStore|iPhone.ActiveCfg = Release|Any CPU
		{28DA3AA7-840B-484E-8B94-266B3D544214}.AppStore|iPhone.Build.0 = Release|Any CPU
		{28DA3AA7-840B-484E-8B94-266B3D544214}.AppStore|iPhoneSimulator.ActiveCfg = Release|Any CPU
		{28DA3AA7-840B-484E-8B94-266B3D544214}.AppStore|iPhoneSimulator.Build.0 = Release|Any CPU
		{28DA3AA7-840B-484E-8B94-266B3D544214}.AppStore|x64.ActiveCfg = Release|Any CPU
		{28DA3AA7-840B-484E-8B94-266B3D544214}.AppStore|x64.Build.0 = Release|Any CPU
		{28DA3AA7-840B-484E-8B94-266B3D544214}.AppStore|x86.ActiveCfg = Release|Any CPU
		{28DA3AA7-840B-484E-8B94-266B3D544214}.AppStore|x86.Build.0 = Release|Any CPU
		{28DA3AA7-840B-484E-8B94-266B3D544214}.Debug|Any CPU.ActiveCfg = Debug|Any CPU
		{28DA3AA7-840B-484E-8B94-266B3D544214}.Debug|Any CPU.Build.0 = Debug|Any CPU
		{28DA3AA7-840B-484E-8B94-266B3D544214}.Debug|ARM.ActiveCfg = Debug|Any CPU
		{28DA3AA7-840B-484E-8B94-266B3D544214}.Debug|ARM.Build.0 = Debug|Any CPU
		{28DA3AA7-840B-484E-8B94-266B3D544214}.Debug|iPhone.ActiveCfg = Debug|Any CPU
		{28DA3AA7-840B-484E-8B94-266B3D544214}.Debug|iPhone.Build.0 = Debug|Any CPU
		{28DA3AA7-840B-484E-8B94-266B3D544214}.Debug|iPhoneSimulator.ActiveCfg = Debug|Any CPU
		{28DA3AA7-840B-484E-8B94-266B3D544214}.Debug|iPhoneSimulator.Build.0 = Debug|Any CPU
		{28DA3AA7-840B-484E-8B94-266B3D544214}.Debug|x64.ActiveCfg = Debug|Any CPU
		{28DA3AA7-840B-484E-8B94-266B3D544214}.Debug|x64.Build.0 = Debug|Any CPU
		{28DA3AA7-840B-484E-8B94-266B3D544214}.Debug|x86.ActiveCfg = Debug|Any CPU
		{28DA3AA7-840B-484E-8B94-266B3D544214}.Debug|x86.Build.0 = Debug|Any CPU
		{28DA3AA7-840B-484E-8B94-266B3D544214}.Release|Any CPU.ActiveCfg = Release|Any CPU
		{28DA3AA7-840B-484E-8B94-266B3D544214}.Release|Any CPU.Build.0 = Release|Any CPU
		{28DA3AA7-840B-484E-8B94-266B3D544214}.Release|ARM.ActiveCfg = Release|Any CPU
		{28DA3AA7-840B-484E-8B94-266B3D544214}.Release|ARM.Build.0 = Release|Any CPU
		{28DA3AA7-840B-484E-8B94-266B3D544214}.Release|iPhone.ActiveCfg = Release|Any CPU
		{28DA3AA7-840B-484E-8B94-266B3D544214}.Release|iPhone.Build.0 = Release|Any CPU
		{28DA3AA7-840B-484E-8B94-266B3D544214}.Release|iPhoneSimulator.ActiveCfg = Release|Any CPU
		{28DA3AA7-840B-484E-8B94-266B3D544214}.Release|iPhoneSimulator.Build.0 = Release|Any CPU
		{28DA3AA7-840B-484E-8B94-266B3D544214}.Release|x64.ActiveCfg = Release|Any CPU
		{28DA3AA7-840B-484E-8B94-266B3D544214}.Release|x64.Build.0 = Release|Any CPU
		{28DA3AA7-840B-484E-8B94-266B3D544214}.Release|x86.ActiveCfg = Release|Any CPU
		{28DA3AA7-840B-484E-8B94-266B3D544214}.Release|x86.Build.0 = Release|Any CPU
		{D7C94840-B335-4950-81AA-B0359E05A204}.Ad-Hoc|Any CPU.ActiveCfg = Release|x86
		{D7C94840-B335-4950-81AA-B0359E05A204}.Ad-Hoc|Any CPU.Build.0 = Release|x86
		{D7C94840-B335-4950-81AA-B0359E05A204}.Ad-Hoc|Any CPU.Deploy.0 = Release|x86
		{D7C94840-B335-4950-81AA-B0359E05A204}.Ad-Hoc|ARM.ActiveCfg = Release|ARM
		{D7C94840-B335-4950-81AA-B0359E05A204}.Ad-Hoc|ARM.Build.0 = Release|ARM
		{D7C94840-B335-4950-81AA-B0359E05A204}.Ad-Hoc|ARM.Deploy.0 = Release|ARM
		{D7C94840-B335-4950-81AA-B0359E05A204}.Ad-Hoc|iPhone.ActiveCfg = Release|x86
		{D7C94840-B335-4950-81AA-B0359E05A204}.Ad-Hoc|iPhone.Build.0 = Release|x86
		{D7C94840-B335-4950-81AA-B0359E05A204}.Ad-Hoc|iPhone.Deploy.0 = Release|x86
		{D7C94840-B335-4950-81AA-B0359E05A204}.Ad-Hoc|iPhoneSimulator.ActiveCfg = Release|x86
		{D7C94840-B335-4950-81AA-B0359E05A204}.Ad-Hoc|iPhoneSimulator.Build.0 = Release|x86
		{D7C94840-B335-4950-81AA-B0359E05A204}.Ad-Hoc|iPhoneSimulator.Deploy.0 = Release|x86
		{D7C94840-B335-4950-81AA-B0359E05A204}.Ad-Hoc|x64.ActiveCfg = Release|x64
		{D7C94840-B335-4950-81AA-B0359E05A204}.Ad-Hoc|x64.Build.0 = Release|x64
		{D7C94840-B335-4950-81AA-B0359E05A204}.Ad-Hoc|x64.Deploy.0 = Release|x64
		{D7C94840-B335-4950-81AA-B0359E05A204}.Ad-Hoc|x86.ActiveCfg = Release|x86
		{D7C94840-B335-4950-81AA-B0359E05A204}.Ad-Hoc|x86.Build.0 = Release|x86
		{D7C94840-B335-4950-81AA-B0359E05A204}.Ad-Hoc|x86.Deploy.0 = Release|x86
		{D7C94840-B335-4950-81AA-B0359E05A204}.AppStore|Any CPU.ActiveCfg = Release|x86
		{D7C94840-B335-4950-81AA-B0359E05A204}.AppStore|Any CPU.Build.0 = Release|x86
		{D7C94840-B335-4950-81AA-B0359E05A204}.AppStore|Any CPU.Deploy.0 = Release|x86
		{D7C94840-B335-4950-81AA-B0359E05A204}.AppStore|ARM.ActiveCfg = Release|ARM
		{D7C94840-B335-4950-81AA-B0359E05A204}.AppStore|ARM.Build.0 = Release|ARM
		{D7C94840-B335-4950-81AA-B0359E05A204}.AppStore|ARM.Deploy.0 = Release|ARM
		{D7C94840-B335-4950-81AA-B0359E05A204}.AppStore|iPhone.ActiveCfg = Release|x86
		{D7C94840-B335-4950-81AA-B0359E05A204}.AppStore|iPhone.Build.0 = Release|x86
		{D7C94840-B335-4950-81AA-B0359E05A204}.AppStore|iPhone.Deploy.0 = Release|x86
		{D7C94840-B335-4950-81AA-B0359E05A204}.AppStore|iPhoneSimulator.ActiveCfg = Release|x86
		{D7C94840-B335-4950-81AA-B0359E05A204}.AppStore|iPhoneSimulator.Build.0 = Release|x86
		{D7C94840-B335-4950-81AA-B0359E05A204}.AppStore|iPhoneSimulator.Deploy.0 = Release|x86
		{D7C94840-B335-4950-81AA-B0359E05A204}.AppStore|x64.ActiveCfg = Release|x64
		{D7C94840-B335-4950-81AA-B0359E05A204}.AppStore|x64.Build.0 = Release|x64
		{D7C94840-B335-4950-81AA-B0359E05A204}.AppStore|x64.Deploy.0 = Release|x64
		{D7C94840-B335-4950-81AA-B0359E05A204}.AppStore|x86.ActiveCfg = Release|x86
		{D7C94840-B335-4950-81AA-B0359E05A204}.AppStore|x86.Build.0 = Release|x86
		{D7C94840-B335-4950-81AA-B0359E05A204}.AppStore|x86.Deploy.0 = Release|x86
		{D7C94840-B335-4950-81AA-B0359E05A204}.Debug|Any CPU.ActiveCfg = Debug|x86
		{D7C94840-B335-4950-81AA-B0359E05A204}.Debug|ARM.ActiveCfg = Debug|ARM
		{D7C94840-B335-4950-81AA-B0359E05A204}.Debug|ARM.Build.0 = Debug|ARM
		{D7C94840-B335-4950-81AA-B0359E05A204}.Debug|ARM.Deploy.0 = Debug|ARM
		{D7C94840-B335-4950-81AA-B0359E05A204}.Debug|iPhone.ActiveCfg = Debug|x86
		{D7C94840-B335-4950-81AA-B0359E05A204}.Debug|iPhoneSimulator.ActiveCfg = Debug|x86
		{D7C94840-B335-4950-81AA-B0359E05A204}.Debug|x64.ActiveCfg = Debug|x64
		{D7C94840-B335-4950-81AA-B0359E05A204}.Debug|x64.Build.0 = Debug|x64
		{D7C94840-B335-4950-81AA-B0359E05A204}.Debug|x64.Deploy.0 = Debug|x64
		{D7C94840-B335-4950-81AA-B0359E05A204}.Debug|x86.ActiveCfg = Debug|x86
		{D7C94840-B335-4950-81AA-B0359E05A204}.Debug|x86.Build.0 = Debug|x86
		{D7C94840-B335-4950-81AA-B0359E05A204}.Debug|x86.Deploy.0 = Debug|x86
		{D7C94840-B335-4950-81AA-B0359E05A204}.Release|Any CPU.ActiveCfg = Release|x86
		{D7C94840-B335-4950-81AA-B0359E05A204}.Release|ARM.ActiveCfg = Release|ARM
		{D7C94840-B335-4950-81AA-B0359E05A204}.Release|ARM.Build.0 = Release|ARM
		{D7C94840-B335-4950-81AA-B0359E05A204}.Release|ARM.Deploy.0 = Release|ARM
		{D7C94840-B335-4950-81AA-B0359E05A204}.Release|iPhone.ActiveCfg = Release|x86
		{D7C94840-B335-4950-81AA-B0359E05A204}.Release|iPhoneSimulator.ActiveCfg = Release|x86
		{D7C94840-B335-4950-81AA-B0359E05A204}.Release|x64.ActiveCfg = Release|x64
		{D7C94840-B335-4950-81AA-B0359E05A204}.Release|x64.Build.0 = Release|x64
		{D7C94840-B335-4950-81AA-B0359E05A204}.Release|x64.Deploy.0 = Release|x64
		{D7C94840-B335-4950-81AA-B0359E05A204}.Release|x86.ActiveCfg = Release|x86
		{D7C94840-B335-4950-81AA-B0359E05A204}.Release|x86.Build.0 = Release|x86
		{D7C94840-B335-4950-81AA-B0359E05A204}.Release|x86.Deploy.0 = Release|x86
		{22B407CF-CBA8-46CC-8F75-4D5CBC817A30}.Ad-Hoc|Any CPU.ActiveCfg = Ad-Hoc|iPhoneSimulator
		{22B407CF-CBA8-46CC-8F75-4D5CBC817A30}.Ad-Hoc|ARM.ActiveCfg = Ad-Hoc|iPhone
		{22B407CF-CBA8-46CC-8F75-4D5CBC817A30}.Ad-Hoc|iPhone.ActiveCfg = Ad-Hoc|iPhone
		{22B407CF-CBA8-46CC-8F75-4D5CBC817A30}.Ad-Hoc|iPhone.Build.0 = Ad-Hoc|iPhone
		{22B407CF-CBA8-46CC-8F75-4D5CBC817A30}.Ad-Hoc|iPhoneSimulator.ActiveCfg = Ad-Hoc|iPhoneSimulator
		{22B407CF-CBA8-46CC-8F75-4D5CBC817A30}.Ad-Hoc|iPhoneSimulator.Build.0 = Ad-Hoc|iPhoneSimulator
		{22B407CF-CBA8-46CC-8F75-4D5CBC817A30}.Ad-Hoc|x64.ActiveCfg = Ad-Hoc|iPhone
		{22B407CF-CBA8-46CC-8F75-4D5CBC817A30}.Ad-Hoc|x86.ActiveCfg = Ad-Hoc|iPhone
		{22B407CF-CBA8-46CC-8F75-4D5CBC817A30}.AppStore|Any CPU.ActiveCfg = AppStore|iPhoneSimulator
		{22B407CF-CBA8-46CC-8F75-4D5CBC817A30}.AppStore|ARM.ActiveCfg = AppStore|iPhone
		{22B407CF-CBA8-46CC-8F75-4D5CBC817A30}.AppStore|iPhone.ActiveCfg = AppStore|iPhone
		{22B407CF-CBA8-46CC-8F75-4D5CBC817A30}.AppStore|iPhone.Build.0 = AppStore|iPhone
		{22B407CF-CBA8-46CC-8F75-4D5CBC817A30}.AppStore|iPhoneSimulator.ActiveCfg = AppStore|iPhoneSimulator
		{22B407CF-CBA8-46CC-8F75-4D5CBC817A30}.AppStore|iPhoneSimulator.Build.0 = AppStore|iPhoneSimulator
		{22B407CF-CBA8-46CC-8F75-4D5CBC817A30}.AppStore|x64.ActiveCfg = AppStore|iPhone
		{22B407CF-CBA8-46CC-8F75-4D5CBC817A30}.AppStore|x86.ActiveCfg = AppStore|iPhone
		{22B407CF-CBA8-46CC-8F75-4D5CBC817A30}.Debug|Any CPU.ActiveCfg = Debug|iPhoneSimulator
		{22B407CF-CBA8-46CC-8F75-4D5CBC817A30}.Debug|ARM.ActiveCfg = Debug|iPhone
		{22B407CF-CBA8-46CC-8F75-4D5CBC817A30}.Debug|iPhone.ActiveCfg = Debug|iPhone
		{22B407CF-CBA8-46CC-8F75-4D5CBC817A30}.Debug|iPhone.Build.0 = Debug|iPhone
		{22B407CF-CBA8-46CC-8F75-4D5CBC817A30}.Debug|iPhoneSimulator.ActiveCfg = Debug|iPhoneSimulator
		{22B407CF-CBA8-46CC-8F75-4D5CBC817A30}.Debug|iPhoneSimulator.Build.0 = Debug|iPhoneSimulator
		{22B407CF-CBA8-46CC-8F75-4D5CBC817A30}.Debug|x64.ActiveCfg = Debug|iPhone
		{22B407CF-CBA8-46CC-8F75-4D5CBC817A30}.Debug|x86.ActiveCfg = Debug|iPhone
		{22B407CF-CBA8-46CC-8F75-4D5CBC817A30}.Release|Any CPU.ActiveCfg = Release|iPhoneSimulator
		{22B407CF-CBA8-46CC-8F75-4D5CBC817A30}.Release|ARM.ActiveCfg = Release|iPhone
		{22B407CF-CBA8-46CC-8F75-4D5CBC817A30}.Release|iPhone.ActiveCfg = Release|iPhone
		{22B407CF-CBA8-46CC-8F75-4D5CBC817A30}.Release|iPhone.Build.0 = Release|iPhone
		{22B407CF-CBA8-46CC-8F75-4D5CBC817A30}.Release|iPhoneSimulator.ActiveCfg = Release|iPhoneSimulator
		{22B407CF-CBA8-46CC-8F75-4D5CBC817A30}.Release|iPhoneSimulator.Build.0 = Release|iPhoneSimulator
		{22B407CF-CBA8-46CC-8F75-4D5CBC817A30}.Release|x64.ActiveCfg = Release|iPhone
		{22B407CF-CBA8-46CC-8F75-4D5CBC817A30}.Release|x86.ActiveCfg = Release|iPhone
	EndGlobalSection
	GlobalSection(SolutionProperties) = preSolution
		HideSolutionNode = FALSE
	EndGlobalSection
	GlobalSection(ExtensibilityGlobals) = postSolution
		SolutionGuid = {7AD2F035-42E8-48B7-A677-F034A42FF700}
	EndGlobalSection
EndGlobal
