
Microsoft Visual Studio Solution File, Format Version 12.00
# Visual Studio 15
VisualStudioVersion = 15.0.27130.0
MinimumVisualStudioVersion = 10.0.40219.1
Project("{FAE04EC0-301F-11D3-BF4B-00C04F79EFBC}") = "ShoppingList.iOS", "ShoppingList\ShoppingList.iOS\ShoppingList.iOS.csproj", "{A8B04C3B-AF0A-4A8D-909A-9CDCF4F28193}"
EndProject
Project("{9A19103F-16F7-4668-BE54-9A1E7A4F7556}") = "ShoppingList.Shared", "ShoppingList\ShoppingList.Shared\ShoppingList.Shared.csproj", "{7C51DF8F-074C-4C46-9313-9438187E0E7E}"
EndProject
Project("{FAE04EC0-301F-11D3-BF4B-00C04F79EFBC}") = "ShoppingList.Android", "ShoppingList\ShoppingList.Android\ShoppingList.Android.csproj", "{8A9058E6-DDE5-4796-888F-4AB0AE2292B3}"
EndProject
Global
	GlobalSection(SolutionConfigurationPlatforms) = preSolution
		Ad-Hoc|Any CPU = Ad-Hoc|Any CPU
		Ad-Hoc|iPhone = Ad-Hoc|iPhone
		Ad-Hoc|iPhoneSimulator = Ad-Hoc|iPhoneSimulator
		AppStore|Any CPU = AppStore|Any CPU
		AppStore|iPhone = AppStore|iPhone
		AppStore|iPhoneSimulator = AppStore|iPhoneSimulator
		Debug|Any CPU = Debug|Any CPU
		Debug|iPhone = Debug|iPhone
		Debug|iPhoneSimulator = Debug|iPhoneSimulator
		Release|Any CPU = Release|Any CPU
		Release|iPhone = Release|iPhone
		Release|iPhoneSimulator = Release|iPhoneSimulator
	EndGlobalSection
	GlobalSection(ProjectConfigurationPlatforms) = postSolution
		{A8B04C3B-AF0A-4A8D-909A-9CDCF4F28193}.Ad-Hoc|Any CPU.ActiveCfg = Ad-Hoc|iPhoneSimulator
		{A8B04C3B-AF0A-4A8D-909A-9CDCF4F28193}.Ad-Hoc|iPhone.ActiveCfg = Ad-Hoc|iPhone
		{A8B04C3B-AF0A-4A8D-909A-9CDCF4F28193}.Ad-Hoc|iPhone.Build.0 = Ad-Hoc|iPhone
		{A8B04C3B-AF0A-4A8D-909A-9CDCF4F28193}.Ad-Hoc|iPhoneSimulator.ActiveCfg = Ad-Hoc|iPhoneSimulator
		{A8B04C3B-AF0A-4A8D-909A-9CDCF4F28193}.Ad-Hoc|iPhoneSimulator.Build.0 = Ad-Hoc|iPhoneSimulator
		{A8B04C3B-AF0A-4A8D-909A-9CDCF4F28193}.AppStore|Any CPU.ActiveCfg = AppStore|iPhoneSimulator
		{A8B04C3B-AF0A-4A8D-909A-9CDCF4F28193}.AppStore|iPhone.ActiveCfg = AppStore|iPhone
		{A8B04C3B-AF0A-4A8D-909A-9CDCF4F28193}.AppStore|iPhone.Build.0 = AppStore|iPhone
		{A8B04C3B-AF0A-4A8D-909A-9CDCF4F28193}.AppStore|iPhoneSimulator.ActiveCfg = AppStore|iPhoneSimulator
		{A8B04C3B-AF0A-4A8D-909A-9CDCF4F28193}.AppStore|iPhoneSimulator.Build.0 = AppStore|iPhoneSimulator
		{A8B04C3B-AF0A-4A8D-909A-9CDCF4F28193}.Debug|Any CPU.ActiveCfg = Debug|iPhoneSimulator
		{A8B04C3B-AF0A-4A8D-909A-9CDCF4F28193}.Debug|iPhone.ActiveCfg = Debug|iPhone
		{A8B04C3B-AF0A-4A8D-909A-9CDCF4F28193}.Debug|iPhone.Build.0 = Debug|iPhone
		{A8B04C3B-AF0A-4A8D-909A-9CDCF4F28193}.Debug|iPhoneSimulator.ActiveCfg = Debug|iPhoneSimulator
		{A8B04C3B-AF0A-4A8D-909A-9CDCF4F28193}.Debug|iPhoneSimulator.Build.0 = Debug|iPhoneSimulator
		{A8B04C3B-AF0A-4A8D-909A-9CDCF4F28193}.Release|Any CPU.ActiveCfg = Release|iPhoneSimulator
		{A8B04C3B-AF0A-4A8D-909A-9CDCF4F28193}.Release|iPhone.ActiveCfg = Release|iPhone
		{A8B04C3B-AF0A-4A8D-909A-9CDCF4F28193}.Release|iPhone.Build.0 = Release|iPhone
		{A8B04C3B-AF0A-4A8D-909A-9CDCF4F28193}.Release|iPhoneSimulator.ActiveCfg = Release|iPhoneSimulator
		{A8B04C3B-AF0A-4A8D-909A-9CDCF4F28193}.Release|iPhoneSimulator.Build.0 = Release|iPhoneSimulator
		{7C51DF8F-074C-4C46-9313-9438187E0E7E}.Ad-Hoc|Any CPU.ActiveCfg = Debug|Any CPU
		{7C51DF8F-074C-4C46-9313-9438187E0E7E}.Ad-Hoc|Any CPU.Build.0 = Debug|Any CPU
		{7C51DF8F-074C-4C46-9313-9438187E0E7E}.Ad-Hoc|iPhone.ActiveCfg = Debug|Any CPU
		{7C51DF8F-074C-4C46-9313-9438187E0E7E}.Ad-Hoc|iPhone.Build.0 = Debug|Any CPU
		{7C51DF8F-074C-4C46-9313-9438187E0E7E}.Ad-Hoc|iPhoneSimulator.ActiveCfg = Debug|Any CPU
		{7C51DF8F-074C-4C46-9313-9438187E0E7E}.Ad-Hoc|iPhoneSimulator.Build.0 = Debug|Any CPU
		{7C51DF8F-074C-4C46-9313-9438187E0E7E}.AppStore|Any CPU.ActiveCfg = Debug|Any CPU
		{7C51DF8F-074C-4C46-9313-9438187E0E7E}.AppStore|Any CPU.Build.0 = Debug|Any CPU
		{7C51DF8F-074C-4C46-9313-9438187E0E7E}.AppStore|iPhone.ActiveCfg = Debug|Any CPU
		{7C51DF8F-074C-4C46-9313-9438187E0E7E}.AppStore|iPhone.Build.0 = Debug|Any CPU
		{7C51DF8F-074C-4C46-9313-9438187E0E7E}.AppStore|iPhoneSimulator.ActiveCfg = Debug|Any CPU
		{7C51DF8F-074C-4C46-9313-9438187E0E7E}.AppStore|iPhoneSimulator.Build.0 = Debug|Any CPU
		{7C51DF8F-074C-4C46-9313-9438187E0E7E}.Debug|Any CPU.ActiveCfg = Debug|Any CPU
		{7C51DF8F-074C-4C46-9313-9438187E0E7E}.Debug|Any CPU.Build.0 = Debug|Any CPU
		{7C51DF8F-074C-4C46-9313-9438187E0E7E}.Debug|iPhone.ActiveCfg = Debug|Any CPU
		{7C51DF8F-074C-4C46-9313-9438187E0E7E}.Debug|iPhone.Build.0 = Debug|Any CPU
		{7C51DF8F-074C-4C46-9313-9438187E0E7E}.Debug|iPhoneSimulator.ActiveCfg = Debug|Any CPU
		{7C51DF8F-074C-4C46-9313-9438187E0E7E}.Debug|iPhoneSimulator.Build.0 = Debug|Any CPU
		{7C51DF8F-074C-4C46-9313-9438187E0E7E}.Release|Any CPU.ActiveCfg = Release|Any CPU
		{7C51DF8F-074C-4C46-9313-9438187E0E7E}.Release|Any CPU.Build.0 = Release|Any CPU
		{7C51DF8F-074C-4C46-9313-9438187E0E7E}.Release|iPhone.ActiveCfg = Release|Any CPU
		{7C51DF8F-074C-4C46-9313-9438187E0E7E}.Release|iPhone.Build.0 = Release|Any CPU
		{7C51DF8F-074C-4C46-9313-9438187E0E7E}.Release|iPhoneSimulator.ActiveCfg = Release|Any CPU
		{7C51DF8F-074C-4C46-9313-9438187E0E7E}.Release|iPhoneSimulator.Build.0 = Release|Any CPU
		{8A9058E6-DDE5-4796-888F-4AB0AE2292B3}.Ad-Hoc|Any CPU.ActiveCfg = Release|Any CPU
		{8A9058E6-DDE5-4796-888F-4AB0AE2292B3}.Ad-Hoc|Any CPU.Build.0 = Release|Any CPU
		{8A9058E6-DDE5-4796-888F-4AB0AE2292B3}.Ad-Hoc|Any CPU.Deploy.0 = Release|Any CPU
		{8A9058E6-DDE5-4796-888F-4AB0AE2292B3}.Ad-Hoc|iPhone.ActiveCfg = Release|Any CPU
		{8A9058E6-DDE5-4796-888F-4AB0AE2292B3}.Ad-Hoc|iPhone.Build.0 = Release|Any CPU
		{8A9058E6-DDE5-4796-888F-4AB0AE2292B3}.Ad-Hoc|iPhone.Deploy.0 = Release|Any CPU
		{8A9058E6-DDE5-4796-888F-4AB0AE2292B3}.Ad-Hoc|iPhoneSimulator.ActiveCfg = Release|Any CPU
		{8A9058E6-DDE5-4796-888F-4AB0AE2292B3}.Ad-Hoc|iPhoneSimulator.Build.0 = Release|Any CPU
		{8A9058E6-DDE5-4796-888F-4AB0AE2292B3}.Ad-Hoc|iPhoneSimulator.Deploy.0 = Release|Any CPU
		{8A9058E6-DDE5-4796-888F-4AB0AE2292B3}.AppStore|Any CPU.ActiveCfg = Release|Any CPU
		{8A9058E6-DDE5-4796-888F-4AB0AE2292B3}.AppStore|Any CPU.Build.0 = Release|Any CPU
		{8A9058E6-DDE5-4796-888F-4AB0AE2292B3}.AppStore|Any CPU.Deploy.0 = Release|Any CPU
		{8A9058E6-DDE5-4796-888F-4AB0AE2292B3}.AppStore|iPhone.ActiveCfg = Release|Any CPU
		{8A9058E6-DDE5-4796-888F-4AB0AE2292B3}.AppStore|iPhone.Build.0 = Release|Any CPU
		{8A9058E6-DDE5-4796-888F-4AB0AE2292B3}.AppStore|iPhone.Deploy.0 = Release|Any CPU
		{8A9058E6-DDE5-4796-888F-4AB0AE2292B3}.AppStore|iPhoneSimulator.ActiveCfg = Release|Any CPU
		{8A9058E6-DDE5-4796-888F-4AB0AE2292B3}.AppStore|iPhoneSimulator.Build.0 = Release|Any CPU
		{8A9058E6-DDE5-4796-888F-4AB0AE2292B3}.AppStore|iPhoneSimulator.Deploy.0 = Release|Any CPU
		{8A9058E6-DDE5-4796-888F-4AB0AE2292B3}.Debug|Any CPU.ActiveCfg = Debug|Any CPU
		{8A9058E6-DDE5-4796-888F-4AB0AE2292B3}.Debug|Any CPU.Build.0 = Debug|Any CPU
		{8A9058E6-DDE5-4796-888F-4AB0AE2292B3}.Debug|Any CPU.Deploy.0 = Debug|Any CPU
		{8A9058E6-DDE5-4796-888F-4AB0AE2292B3}.Debug|iPhone.ActiveCfg = Debug|Any CPU
		{8A9058E6-DDE5-4796-888F-4AB0AE2292B3}.Debug|iPhone.Build.0 = Debug|Any CPU
		{8A9058E6-DDE5-4796-888F-4AB0AE2292B3}.Debug|iPhone.Deploy.0 = Debug|Any CPU
		{8A9058E6-DDE5-4796-888F-4AB0AE2292B3}.Debug|iPhoneSimulator.ActiveCfg = Debug|Any CPU
		{8A9058E6-DDE5-4796-888F-4AB0AE2292B3}.Debug|iPhoneSimulator.Build.0 = Debug|Any CPU
		{8A9058E6-DDE5-4796-888F-4AB0AE2292B3}.Debug|iPhoneSimulator.Deploy.0 = Debug|Any CPU
		{8A9058E6-DDE5-4796-888F-4AB0AE2292B3}.Release|Any CPU.ActiveCfg = Release|Any CPU
		{8A9058E6-DDE5-4796-888F-4AB0AE2292B3}.Release|Any CPU.Build.0 = Release|Any CPU
		{8A9058E6-DDE5-4796-888F-4AB0AE2292B3}.Release|Any CPU.Deploy.0 = Release|Any CPU
		{8A9058E6-DDE5-4796-888F-4AB0AE2292B3}.Release|iPhone.ActiveCfg = Release|Any CPU
		{8A9058E6-DDE5-4796-888F-4AB0AE2292B3}.Release|iPhone.Build.0 = Release|Any CPU
		{8A9058E6-DDE5-4796-888F-4AB0AE2292B3}.Release|iPhone.Deploy.0 = Release|Any CPU
		{8A9058E6-DDE5-4796-888F-4AB0AE2292B3}.Release|iPhoneSimulator.ActiveCfg = Release|Any CPU
		{8A9058E6-DDE5-4796-888F-4AB0AE2292B3}.Release|iPhoneSimulator.Build.0 = Release|Any CPU
		{8A9058E6-DDE5-4796-888F-4AB0AE2292B3}.Release|iPhoneSimulator.Deploy.0 = Release|Any CPU
	EndGlobalSection
	GlobalSection(SolutionProperties) = preSolution
		HideSolutionNode = FALSE
	EndGlobalSection
	GlobalSection(ExtensibilityGlobals) = postSolution
		SolutionGuid = {7AD2F035-42E8-48B7-A677-F034A42FF700}
	EndGlobalSection
EndGlobal
