
Microsoft Visual Studio Solution File, Format Version 12.00
# Visual Studio 15
VisualStudioVersion = 15.0.27004.2009
MinimumVisualStudioVersion = 10.0.40219.1
Project("{FAE04EC0-301F-11D3-BF4B-00C04F79EFBC}") = "ShoppingList.Android", "ShoppingList\ShoppingList.Android\ShoppingList.Android.csproj", "{B1F579B8-3D90-4E4A-A22F-C313928F9E6D}"
EndProject
Project("{FAE04EC0-301F-11D3-BF4B-00C04F79EFBC}") = "ShoppingList.iOS", "ShoppingList\ShoppingList.iOS\ShoppingList.iOS.csproj", "{1638E905-6FB4-4202-B012-5311F33E9EAA}"
EndProject
Project("{9A19103F-16F7-4668-BE54-9A1E7A4F7556}") = "ShoppingList.Shared", "ShoppingList\ShoppingList.Shared\ShoppingList.Shared.csproj", "{D97553A2-F5A0-49C8-8B55-E5CD5F489814}"
EndProject
Global
	GlobalSection(SolutionConfigurationPlatforms) = preSolution
		Ad-Hoc|Any CPU = Ad-Hoc|Any CPU
		Ad-Hoc|iPhone = Ad-Hoc|iPhone
		Ad-Hoc|iPhoneSimulator = Ad-Hoc|iPhoneSimulator
		AppStore|Any CPU = AppStore|Any CPU
		AppStore|iPhone = AppStore|iPhone
		AppStore|iPhoneSimulator = AppStore|iPhoneSimulator
		Debug|Any CPU = Debug|Any CPU
		Debug|iPhone = Debug|iPhone
		Debug|iPhoneSimulator = Debug|iPhoneSimulator
		Release|Any CPU = Release|Any CPU
		Release|iPhone = Release|iPhone
		Release|iPhoneSimulator = Release|iPhoneSimulator
	EndGlobalSection
	GlobalSection(ProjectConfigurationPlatforms) = postSolution
		{B1F579B8-3D90-4E4A-A22F-C313928F9E6D}.Ad-Hoc|Any CPU.ActiveCfg = Release|Any CPU
		{B1F579B8-3D90-4E4A-A22F-C313928F9E6D}.Ad-Hoc|Any CPU.Build.0 = Release|Any CPU
		{B1F579B8-3D90-4E4A-A22F-C313928F9E6D}.Ad-Hoc|Any CPU.Deploy.0 = Release|Any CPU
		{B1F579B8-3D90-4E4A-A22F-C313928F9E6D}.Ad-Hoc|iPhone.ActiveCfg = Release|Any CPU
		{B1F579B8-3D90-4E4A-A22F-C313928F9E6D}.Ad-Hoc|iPhone.Build.0 = Release|Any CPU
		{B1F579B8-3D90-4E4A-A22F-C313928F9E6D}.Ad-Hoc|iPhone.Deploy.0 = Release|Any CPU
		{B1F579B8-3D90-4E4A-A22F-C313928F9E6D}.Ad-Hoc|iPhoneSimulator.ActiveCfg = Release|Any CPU
		{B1F579B8-3D90-4E4A-A22F-C313928F9E6D}.Ad-Hoc|iPhoneSimulator.Build.0 = Release|Any CPU
		{B1F579B8-3D90-4E4A-A22F-C313928F9E6D}.Ad-Hoc|iPhoneSimulator.Deploy.0 = Release|Any CPU
		{B1F579B8-3D90-4E4A-A22F-C313928F9E6D}.AppStore|Any CPU.ActiveCfg = Release|Any CPU
		{B1F579B8-3D90-4E4A-A22F-C313928F9E6D}.AppStore|Any CPU.Build.0 = Release|Any CPU
		{B1F579B8-3D90-4E4A-A22F-C313928F9E6D}.AppStore|Any CPU.Deploy.0 = Release|Any CPU
		{B1F579B8-3D90-4E4A-A22F-C313928F9E6D}.AppStore|iPhone.ActiveCfg = Release|Any CPU
		{B1F579B8-3D90-4E4A-A22F-C313928F9E6D}.AppStore|iPhone.Build.0 = Release|Any CPU
		{B1F579B8-3D90-4E4A-A22F-C313928F9E6D}.AppStore|iPhone.Deploy.0 = Release|Any CPU
		{B1F579B8-3D90-4E4A-A22F-C313928F9E6D}.AppStore|iPhoneSimulator.ActiveCfg = Release|Any CPU
		{B1F579B8-3D90-4E4A-A22F-C313928F9E6D}.AppStore|iPhoneSimulator.Build.0 = Release|Any CPU
		{B1F579B8-3D90-4E4A-A22F-C313928F9E6D}.AppStore|iPhoneSimulator.Deploy.0 = Release|Any CPU
		{B1F579B8-3D90-4E4A-A22F-C313928F9E6D}.Debug|Any CPU.ActiveCfg = Debug|Any CPU
		{B1F579B8-3D90-4E4A-A22F-C313928F9E6D}.Debug|Any CPU.Build.0 = Debug|Any CPU
		{B1F579B8-3D90-4E4A-A22F-C313928F9E6D}.Debug|Any CPU.Deploy.0 = Debug|Any CPU
		{B1F579B8-3D90-4E4A-A22F-C313928F9E6D}.Debug|iPhone.ActiveCfg = Debug|Any CPU
		{B1F579B8-3D90-4E4A-A22F-C313928F9E6D}.Debug|iPhone.Build.0 = Debug|Any CPU
		{B1F579B8-3D90-4E4A-A22F-C313928F9E6D}.Debug|iPhone.Deploy.0 = Debug|Any CPU
		{B1F579B8-3D90-4E4A-A22F-C313928F9E6D}.Debug|iPhoneSimulator.ActiveCfg = Debug|Any CPU
		{B1F579B8-3D90-4E4A-A22F-C313928F9E6D}.Debug|iPhoneSimulator.Build.0 = Debug|Any CPU
		{B1F579B8-3D90-4E4A-A22F-C313928F9E6D}.Debug|iPhoneSimulator.Deploy.0 = Debug|Any CPU
		{B1F579B8-3D90-4E4A-A22F-C313928F9E6D}.Release|Any CPU.ActiveCfg = Release|Any CPU
		{B1F579B8-3D90-4E4A-A22F-C313928F9E6D}.Release|Any CPU.Build.0 = Release|Any CPU
		{B1F579B8-3D90-4E4A-A22F-C313928F9E6D}.Release|Any CPU.Deploy.0 = Release|Any CPU
		{B1F579B8-3D90-4E4A-A22F-C313928F9E6D}.Release|iPhone.ActiveCfg = Release|Any CPU
		{B1F579B8-3D90-4E4A-A22F-C313928F9E6D}.Release|iPhone.Build.0 = Release|Any CPU
		{B1F579B8-3D90-4E4A-A22F-C313928F9E6D}.Release|iPhone.Deploy.0 = Release|Any CPU
		{B1F579B8-3D90-4E4A-A22F-C313928F9E6D}.Release|iPhoneSimulator.ActiveCfg = Release|Any CPU
		{B1F579B8-3D90-4E4A-A22F-C313928F9E6D}.Release|iPhoneSimulator.Build.0 = Release|Any CPU
		{B1F579B8-3D90-4E4A-A22F-C313928F9E6D}.Release|iPhoneSimulator.Deploy.0 = Release|Any CPU
		{1638E905-6FB4-4202-B012-5311F33E9EAA}.Ad-Hoc|Any CPU.ActiveCfg = Ad-Hoc|iPhoneSimulator
		{1638E905-6FB4-4202-B012-5311F33E9EAA}.Ad-Hoc|iPhone.ActiveCfg = Ad-Hoc|iPhone
		{1638E905-6FB4-4202-B012-5311F33E9EAA}.Ad-Hoc|iPhone.Build.0 = Ad-Hoc|iPhone
		{1638E905-6FB4-4202-B012-5311F33E9EAA}.Ad-Hoc|iPhoneSimulator.ActiveCfg = Ad-Hoc|iPhoneSimulator
		{1638E905-6FB4-4202-B012-5311F33E9EAA}.Ad-Hoc|iPhoneSimulator.Build.0 = Ad-Hoc|iPhoneSimulator
		{1638E905-6FB4-4202-B012-5311F33E9EAA}.AppStore|Any CPU.ActiveCfg = AppStore|iPhoneSimulator
		{1638E905-6FB4-4202-B012-5311F33E9EAA}.AppStore|iPhone.ActiveCfg = AppStore|iPhone
		{1638E905-6FB4-4202-B012-5311F33E9EAA}.AppStore|iPhone.Build.0 = AppStore|iPhone
		{1638E905-6FB4-4202-B012-5311F33E9EAA}.AppStore|iPhoneSimulator.ActiveCfg = AppStore|iPhoneSimulator
		{1638E905-6FB4-4202-B012-5311F33E9EAA}.AppStore|iPhoneSimulator.Build.0 = AppStore|iPhoneSimulator
		{1638E905-6FB4-4202-B012-5311F33E9EAA}.Debug|Any CPU.ActiveCfg = Debug|iPhoneSimulator
		{1638E905-6FB4-4202-B012-5311F33E9EAA}.Debug|iPhone.ActiveCfg = Debug|iPhone
		{1638E905-6FB4-4202-B012-5311F33E9EAA}.Debug|iPhone.Build.0 = Debug|iPhone
		{1638E905-6FB4-4202-B012-5311F33E9EAA}.Debug|iPhoneSimulator.ActiveCfg = Debug|iPhoneSimulator
		{1638E905-6FB4-4202-B012-5311F33E9EAA}.Debug|iPhoneSimulator.Build.0 = Debug|iPhoneSimulator
		{1638E905-6FB4-4202-B012-5311F33E9EAA}.Release|Any CPU.ActiveCfg = Release|iPhoneSimulator
		{1638E905-6FB4-4202-B012-5311F33E9EAA}.Release|iPhone.ActiveCfg = Release|iPhone
		{1638E905-6FB4-4202-B012-5311F33E9EAA}.Release|iPhone.Build.0 = Release|iPhone
		{1638E905-6FB4-4202-B012-5311F33E9EAA}.Release|iPhoneSimulator.ActiveCfg = Release|iPhoneSimulator
		{1638E905-6FB4-4202-B012-5311F33E9EAA}.Release|iPhoneSimulator.Build.0 = Release|iPhoneSimulator
		{D97553A2-F5A0-49C8-8B55-E5CD5F489814}.Ad-Hoc|Any CPU.ActiveCfg = Debug|Any CPU
		{D97553A2-F5A0-49C8-8B55-E5CD5F489814}.Ad-Hoc|Any CPU.Build.0 = Debug|Any CPU
		{D97553A2-F5A0-49C8-8B55-E5CD5F489814}.Ad-Hoc|iPhone.ActiveCfg = Debug|Any CPU
		{D97553A2-F5A0-49C8-8B55-E5CD5F489814}.Ad-Hoc|iPhone.Build.0 = Debug|Any CPU
		{D97553A2-F5A0-49C8-8B55-E5CD5F489814}.Ad-Hoc|iPhoneSimulator.ActiveCfg = Debug|Any CPU
		{D97553A2-F5A0-49C8-8B55-E5CD5F489814}.Ad-Hoc|iPhoneSimulator.Build.0 = Debug|Any CPU
		{D97553A2-F5A0-49C8-8B55-E5CD5F489814}.AppStore|Any CPU.ActiveCfg = Debug|Any CPU
		{D97553A2-F5A0-49C8-8B55-E5CD5F489814}.AppStore|Any CPU.Build.0 = Debug|Any CPU
		{D97553A2-F5A0-49C8-8B55-E5CD5F489814}.AppStore|iPhone.ActiveCfg = Debug|Any CPU
		{D97553A2-F5A0-49C8-8B55-E5CD5F489814}.AppStore|iPhone.Build.0 = Debug|Any CPU
		{D97553A2-F5A0-49C8-8B55-E5CD5F489814}.AppStore|iPhoneSimulator.ActiveCfg = Debug|Any CPU
		{D97553A2-F5A0-49C8-8B55-E5CD5F489814}.AppStore|iPhoneSimulator.Build.0 = Debug|Any CPU
		{D97553A2-F5A0-49C8-8B55-E5CD5F489814}.Debug|Any CPU.ActiveCfg = Debug|Any CPU
		{D97553A2-F5A0-49C8-8B55-E5CD5F489814}.Debug|Any CPU.Build.0 = Debug|Any CPU
		{D97553A2-F5A0-49C8-8B55-E5CD5F489814}.Debug|iPhone.ActiveCfg = Debug|Any CPU
		{D97553A2-F5A0-49C8-8B55-E5CD5F489814}.Debug|iPhone.Build.0 = Debug|Any CPU
		{D97553A2-F5A0-49C8-8B55-E5CD5F489814}.Debug|iPhoneSimulator.ActiveCfg = Debug|Any CPU
		{D97553A2-F5A0-49C8-8B55-E5CD5F489814}.Debug|iPhoneSimulator.Build.0 = Debug|Any CPU
		{D97553A2-F5A0-49C8-8B55-E5CD5F489814}.Release|Any CPU.ActiveCfg = Release|Any CPU
		{D97553A2-F5A0-49C8-8B55-E5CD5F489814}.Release|Any CPU.Build.0 = Release|Any CPU
		{D97553A2-F5A0-49C8-8B55-E5CD5F489814}.Release|iPhone.ActiveCfg = Release|Any CPU
		{D97553A2-F5A0-49C8-8B55-E5CD5F489814}.Release|iPhone.Build.0 = Release|Any CPU
		{D97553A2-F5A0-49C8-8B55-E5CD5F489814}.Release|iPhoneSimulator.ActiveCfg = Release|Any CPU
		{D97553A2-F5A0-49C8-8B55-E5CD5F489814}.Release|iPhoneSimulator.Build.0 = Release|Any CPU
	EndGlobalSection
	GlobalSection(SolutionProperties) = preSolution
		HideSolutionNode = FALSE
	EndGlobalSection
	GlobalSection(ExtensibilityGlobals) = postSolution
		SolutionGuid = {7AD2F035-42E8-48B7-A677-F034A42FF700}
	EndGlobalSection
EndGlobal
